
Microsoft Visual Studio Solution File, Format Version 12.00
# Visual Studio Version 17
VisualStudioVersion = 17.11.35312.102
MinimumVisualStudioVersion = 10.0.40219.1
Project("{9A19103F-16F7-4668-BE54-9A1E7A4F7556}") = "PitCrewCompiler", "PitCrewCompiler\PitCrewCompiler.csproj", "{9A90CA5A-9E35-43FD-B66E-0D6D6B02670C}"
EndProject
Project("{9A19103F-16F7-4668-BE54-9A1E7A4F7556}") = "PitCrewCommon", "PitCrewCommon\PitCrewCommon.csproj", "{E6C979EA-40FE-41E5-8D21-E673AD388679}"
EndProject
Project("{9A19103F-16F7-4668-BE54-9A1E7A4F7556}") = "Dunia2.MergeBinaryObject", "Gibbed.Dunia2\Dunia2.MergeBinaryObject\Dunia2.MergeBinaryObject.csproj", "{762BD433-49DF-4640-939B-40411CA63758}"
EndProject
Project("{9A19103F-16F7-4668-BE54-9A1E7A4F7556}") = "Gibbed.Dunia2.FileFormats", "Gibbed.Dunia2\Gibbed.Dunia2.FileFormats\Gibbed.Dunia2.FileFormats.csproj", "{83BDD173-F400-4707-BADD-2F5ED888BFF1}"
EndProject
Project("{9A19103F-16F7-4668-BE54-9A1E7A4F7556}") = "Gibbed.Dunia2.BinaryObjectInfo", "Gibbed.Dunia2\Gibbed.Dunia2.BinaryObjectInfo\Gibbed.Dunia2.BinaryObjectInfo.csproj", "{1EF0379D-46D4-41B5-A338-CCAD5AA774BD}"
EndProject
Project("{9A19103F-16F7-4668-BE54-9A1E7A4F7556}") = "Gibbed.IO", "Gibbed.Dunia2\Gibbed.IO\Gibbed.IO.csproj", "{C35CAA52-D444-4E23-A081-F50635BC7AF0}"
EndProject
Project("{9A19103F-16F7-4668-BE54-9A1E7A4F7556}") = "Gibbed.ProjectData", "Gibbed.Dunia2\Gibbed.ProjectData\Gibbed.ProjectData.csproj", "{808D218C-1062-4DEE-BA90-D1C781428696}"
EndProject
Project("{FAE04EC0-301F-11D3-BF4B-00C04F79EFBC}") = "PitCrew", "PitCrew\PitCrew.csproj", "{92F61920-8207-489E-8770-8094684D97EE}"
EndProject
Global
	GlobalSection(SolutionConfigurationPlatforms) = preSolution
		Debug|Any CPU = Debug|Any CPU
		Release|Any CPU = Release|Any CPU
	EndGlobalSection
	GlobalSection(ProjectConfigurationPlatforms) = postSolution
		{9A90CA5A-9E35-43FD-B66E-0D6D6B02670C}.Debug|Any CPU.ActiveCfg = Debug|Any CPU
		{9A90CA5A-9E35-43FD-B66E-0D6D6B02670C}.Debug|Any CPU.Build.0 = Debug|Any CPU
		{9A90CA5A-9E35-43FD-B66E-0D6D6B02670C}.Release|Any CPU.ActiveCfg = Release|Any CPU
		{9A90CA5A-9E35-43FD-B66E-0D6D6B02670C}.Release|Any CPU.Build.0 = Release|Any CPU
		{E6C979EA-40FE-41E5-8D21-E673AD388679}.Debug|Any CPU.ActiveCfg = Debug|Any CPU
		{E6C979EA-40FE-41E5-8D21-E673AD388679}.Debug|Any CPU.Build.0 = Debug|Any CPU
		{E6C979EA-40FE-41E5-8D21-E673AD388679}.Release|Any CPU.ActiveCfg = Release|Any CPU
		{E6C979EA-40FE-41E5-8D21-E673AD388679}.Release|Any CPU.Build.0 = Release|Any CPU
		{762BD433-49DF-4640-939B-40411CA63758}.Debug|Any CPU.ActiveCfg = Debug|Any CPU
		{762BD433-49DF-4640-939B-40411CA63758}.Debug|Any CPU.Build.0 = Debug|Any CPU
		{762BD433-49DF-4640-939B-40411CA63758}.Release|Any CPU.ActiveCfg = Release|Any CPU
		{762BD433-49DF-4640-939B-40411CA63758}.Release|Any CPU.Build.0 = Release|Any CPU
		{83BDD173-F400-4707-BADD-2F5ED888BFF1}.Debug|Any CPU.ActiveCfg = Debug|Any CPU
		{83BDD173-F400-4707-BADD-2F5ED888BFF1}.Debug|Any CPU.Build.0 = Debug|Any CPU
		{83BDD173-F400-4707-BADD-2F5ED888BFF1}.Release|Any CPU.ActiveCfg = Release|Any CPU
		{83BDD173-F400-4707-BADD-2F5ED888BFF1}.Release|Any CPU.Build.0 = Release|Any CPU
		{1EF0379D-46D4-41B5-A338-CCAD5AA774BD}.Debug|Any CPU.ActiveCfg = Debug|Any CPU
		{1EF0379D-46D4-41B5-A338-CCAD5AA774BD}.Debug|Any CPU.Build.0 = Debug|Any CPU
		{1EF0379D-46D4-41B5-A338-CCAD5AA774BD}.Release|Any CPU.ActiveCfg = Release|Any CPU
		{1EF0379D-46D4-41B5-A338-CCAD5AA774BD}.Release|Any CPU.Build.0 = Release|Any CPU
		{C35CAA52-D444-4E23-A081-F50635BC7AF0}.Debug|Any CPU.ActiveCfg = Debug|Any CPU
		{C35CAA52-D444-4E23-A081-F50635BC7AF0}.Debug|Any CPU.Build.0 = Debug|Any CPU
		{C35CAA52-D444-4E23-A081-F50635BC7AF0}.Release|Any CPU.ActiveCfg = Release|Any CPU
		{C35CAA52-D444-4E23-A081-F50635BC7AF0}.Release|Any CPU.Build.0 = Release|Any CPU
		{808D218C-1062-4DEE-BA90-D1C781428696}.Debug|Any CPU.ActiveCfg = Debug|Any CPU
		{808D218C-1062-4DEE-BA90-D1C781428696}.Debug|Any CPU.Build.0 = Debug|Any CPU
		{808D218C-1062-4DEE-BA90-D1C781428696}.Release|Any CPU.ActiveCfg = Release|Any CPU
		{808D218C-1062-4DEE-BA90-D1C781428696}.Release|Any CPU.Build.0 = Release|Any CPU
		{92F61920-8207-489E-8770-8094684D97EE}.Debug|Any CPU.ActiveCfg = Debug|Any CPU
		{92F61920-8207-489E-8770-8094684D97EE}.Debug|Any CPU.Build.0 = Debug|Any CPU
		{92F61920-8207-489E-8770-8094684D97EE}.Release|Any CPU.ActiveCfg = Release|Any CPU
		{92F61920-8207-489E-8770-8094684D97EE}.Release|Any CPU.Build.0 = Release|Any CPU
	EndGlobalSection
	GlobalSection(SolutionProperties) = preSolution
		HideSolutionNode = FALSE
	EndGlobalSection
	GlobalSection(ExtensibilityGlobals) = postSolution
		SolutionGuid = {82E35FC1-5A91-4243-82C0-F67B21A3C5DA}
	EndGlobalSection
EndGlobal
